
Microsoft Visual Studio Solution File, Format Version 12.00
# Visual Studio Version 16
VisualStudioVersion = 16.0.30011.22
MinimumVisualStudioVersion = 10.0.40219.1
Project("{FAE04EC0-301F-11D3-BF4B-00C04F79EFBC}") = "InsMorning", "InsMorning\InsMorning.csproj", "{0F7BB40F-2F23-4421-8783-26CEA56BE6DD}"
EndProject
Project("{FAE04EC0-301F-11D3-BF4B-00C04F79EFBC}") = "InsTests", "InsTests\InsTests.csproj", "{58B2E39B-3178-4771-BD9A-C68052EDC26D}"
EndProject
Global
	GlobalSection(SolutionConfigurationPlatforms) = preSolution
		Debug|Any CPU = Debug|Any CPU
		Release|Any CPU = Release|Any CPU
	EndGlobalSection
	GlobalSection(ProjectConfigurationPlatforms) = postSolution
		{0F7BB40F-2F23-4421-8783-26CEA56BE6DD}.Debug|Any CPU.ActiveCfg = Debug|Any CPU
		{0F7BB40F-2F23-4421-8783-26CEA56BE6DD}.Debug|Any CPU.Build.0 = Debug|Any CPU
		{0F7BB40F-2F23-4421-8783-26CEA56BE6DD}.Release|Any CPU.ActiveCfg = Release|Any CPU
		{0F7BB40F-2F23-4421-8783-26CEA56BE6DD}.Release|Any CPU.Build.0 = Release|Any CPU
		{58B2E39B-3178-4771-BD9A-C68052EDC26D}.Debug|Any CPU.ActiveCfg = Debug|Any CPU
		{58B2E39B-3178-4771-BD9A-C68052EDC26D}.Debug|Any CPU.Build.0 = Debug|Any CPU
		{58B2E39B-3178-4771-BD9A-C68052EDC26D}.Release|Any CPU.ActiveCfg = Release|Any CPU
		{58B2E39B-3178-4771-BD9A-C68052EDC26D}.Release|Any CPU.Build.0 = Release|Any CPU
	EndGlobalSection
	GlobalSection(SolutionProperties) = preSolution
		HideSolutionNode = FALSE
	EndGlobalSection
	GlobalSection(ExtensibilityGlobals) = postSolution
		SolutionGuid = {05E1AC6D-03A2-4188-8C89-FC36196B76EE}
	EndGlobalSection
EndGlobal
